
Microsoft Visual Studio Solution File, Format Version 12.00
# Visual Studio 14
VisualStudioVersion = 14.0.22310.1
MinimumVisualStudioVersion = 10.0.40219.1
Project("{FAE04EC0-301F-11D3-BF4B-00C04F79EFBC}") = "RoomBooking.Core", "RoomBooking.Core\RoomBooking.Core.csproj", "{C71D2755-8756-4D5E-9013-E85C6AC030FE}"
EndProject
Project("{FAE04EC0-301F-11D3-BF4B-00C04F79EFBC}") = "RoomBooking.Common", "RoomBooking.Common\RoomBooking.Common.csproj", "{6BBD69D6-F8F6-48E0-9385-25494255A19F}"
EndProject
Project("{FAE04EC0-301F-11D3-BF4B-00C04F79EFBC}") = "RoomBooking.Core.Tests", "RoomBooking.Core.Tests\RoomBooking.Core.Tests.csproj", "{A31E1C54-270D-466B-BB60-F8A79F6AAF4F}"
EndProject
Project("{FAE04EC0-301F-11D3-BF4B-00C04F79EFBC}") = "RoomBooking.Infraestructure", "RoomBooking.Infraestructure\RoomBooking.Infraestructure.csproj", "{A56DAEDC-6B91-4283-AB30-7B25D3CBE04A}"
EndProject
Project("{FAE04EC0-301F-11D3-BF4B-00C04F79EFBC}") = "RoomBooking.Business", "RoomBooking.Business\RoomBooking.Business.csproj", "{543B9A99-A5F5-439A-A41C-6D832A5281D2}"
EndProject
Project("{FAE04EC0-301F-11D3-BF4B-00C04F79EFBC}") = "RoomBooking.Api", "RoomBooking.Api\RoomBooking.Api.csproj", "{FC8648E6-E814-4541-9F21-8DD75CD06D76}"
EndProject
Global
	GlobalSection(SolutionConfigurationPlatforms) = preSolution
		Debug|Any CPU = Debug|Any CPU
		Release|Any CPU = Release|Any CPU
	EndGlobalSection
	GlobalSection(ProjectConfigurationPlatforms) = postSolution
		{C71D2755-8756-4D5E-9013-E85C6AC030FE}.Debug|Any CPU.ActiveCfg = Debug|Any CPU
		{C71D2755-8756-4D5E-9013-E85C6AC030FE}.Debug|Any CPU.Build.0 = Debug|Any CPU
		{C71D2755-8756-4D5E-9013-E85C6AC030FE}.Release|Any CPU.ActiveCfg = Release|Any CPU
		{C71D2755-8756-4D5E-9013-E85C6AC030FE}.Release|Any CPU.Build.0 = Release|Any CPU
		{6BBD69D6-F8F6-48E0-9385-25494255A19F}.Debug|Any CPU.ActiveCfg = Debug|Any CPU
		{6BBD69D6-F8F6-48E0-9385-25494255A19F}.Debug|Any CPU.Build.0 = Debug|Any CPU
		{6BBD69D6-F8F6-48E0-9385-25494255A19F}.Release|Any CPU.ActiveCfg = Release|Any CPU
		{6BBD69D6-F8F6-48E0-9385-25494255A19F}.Release|Any CPU.Build.0 = Release|Any CPU
		{A31E1C54-270D-466B-BB60-F8A79F6AAF4F}.Debug|Any CPU.ActiveCfg = Debug|Any CPU
		{A31E1C54-270D-466B-BB60-F8A79F6AAF4F}.Debug|Any CPU.Build.0 = Debug|Any CPU
		{A31E1C54-270D-466B-BB60-F8A79F6AAF4F}.Release|Any CPU.ActiveCfg = Release|Any CPU
		{A31E1C54-270D-466B-BB60-F8A79F6AAF4F}.Release|Any CPU.Build.0 = Release|Any CPU
		{A56DAEDC-6B91-4283-AB30-7B25D3CBE04A}.Debug|Any CPU.ActiveCfg = Debug|Any CPU
		{A56DAEDC-6B91-4283-AB30-7B25D3CBE04A}.Debug|Any CPU.Build.0 = Debug|Any CPU
		{A56DAEDC-6B91-4283-AB30-7B25D3CBE04A}.Release|Any CPU.ActiveCfg = Release|Any CPU
		{A56DAEDC-6B91-4283-AB30-7B25D3CBE04A}.Release|Any CPU.Build.0 = Release|Any CPU
		{543B9A99-A5F5-439A-A41C-6D832A5281D2}.Debug|Any CPU.ActiveCfg = Debug|Any CPU
		{543B9A99-A5F5-439A-A41C-6D832A5281D2}.Debug|Any CPU.Build.0 = Debug|Any CPU
		{543B9A99-A5F5-439A-A41C-6D832A5281D2}.Release|Any CPU.ActiveCfg = Release|Any CPU
		{543B9A99-A5F5-439A-A41C-6D832A5281D2}.Release|Any CPU.Build.0 = Release|Any CPU
		{FC8648E6-E814-4541-9F21-8DD75CD06D76}.Debug|Any CPU.ActiveCfg = Debug|Any CPU
		{FC8648E6-E814-4541-9F21-8DD75CD06D76}.Debug|Any CPU.Build.0 = Debug|Any CPU
		{FC8648E6-E814-4541-9F21-8DD75CD06D76}.Release|Any CPU.ActiveCfg = Release|Any CPU
		{FC8648E6-E814-4541-9F21-8DD75CD06D76}.Release|Any CPU.Build.0 = Release|Any CPU
	EndGlobalSection
	GlobalSection(SolutionProperties) = preSolution
		HideSolutionNode = FALSE
	EndGlobalSection
EndGlobal
